{
  "lockfileVersion": 1,
  "configVersion": 1,
  "workspaces": {
    "": {
      "name": "biodiversityaudit2",
      "dependencies": {
        "backbone": "~1.1.2",
        "bootstrap": "^5.3.8",
        "datatables.net": "^2.3.8",
        "datatables.net-bs5": "^2.3.8",
        "jquery": "^3.7.1",
        "jquery-ui": "^1.14.2",
        "jquery.scrollto": "^2.1.3",
        "leaflet": "~0.7.7",
        "lodash": "^4.18.1",
        "requirejs": "^2.3.8",
        "requirejs-text": "^2.0.16",
        "underscore": "^1.13.8",
      },
    },
  },
  "packages": {
    "@popperjs/core": ["@popperjs/core@2.11.8", "", {}, "sha512-P1st0aksCrn9sGZhp8GMYwBnQsbvAWsZAX44oXNNvLHGqAOcoVxmjZiohstwQ7SqKnbR47akdNi+uleWD8+g6A=="],

    "backbone": ["backbone@1.1.2", "", { "dependencies": { "underscore": ">=1.5.0" } }, "sha512-bdiYFVF+mXQ3712Urje2uvYClLPXOd2jsvp8AHlPyMKqpHRPCmCxZf099kCRadhA2sMxp761XB2aZ0/HYF4fDg=="],

    "bootstrap": ["bootstrap@5.3.8", "", { "peerDependencies": { "@popperjs/core": "^2.11.8" } }, "sha512-HP1SZDqaLDPwsNiqRqi5NcP0SSXciX2s9E+RyqJIIqGo+vJeN5AJVM98CXmW/Wux0nQ5L7jeWUdplCEf0Ee+tg=="],

    "datatables.net": ["datatables.net@2.3.8", "", { "dependencies": { "jquery": ">=1.7" } }, "sha512-uhViowhlDlheAuo5a8TrkQqADsjrtGeOyvrigvr4t0+K3MyAWqClORXWAYIcN9VLX6iIX0C8O9gwJNd01hITRg=="],

    "datatables.net-bs5": ["datatables.net-bs5@2.3.8", "", { "dependencies": { "datatables.net": "2.3.8", "jquery": ">=1.7" } }, "sha512-TbFH99QSWm93Kn3teHLFKeyOqYbaiddlHvRFdXUwAvh/fjTMhACWmHG+I43ss8d23OEFHV0WIbN4lpPusZm5zw=="],

    "jquery": ["jquery@3.7.1", "", {}, "sha512-m4avr8yL8kmFN8psrbFFFmB/If14iN5o9nw/NgnnM+kybDJpRsAynV2BsfpTYrTRysYUdADVD7CkUUizgkpLfg=="],

    "jquery-ui": ["jquery-ui@1.14.2", "", { "dependencies": { "jquery": ">=1.12.0 <5.0.0" } }, "sha512-1gSl7PUjyipa2adSr780Ujk16faicrV7PjPPzPtvWk7tTqBnsqp67NNV9jZK2+BIxUPXWSnIUU/LBCgwgGZE+Q=="],

    "jquery.scrollto": ["jquery.scrollto@2.1.3", "", { "dependencies": { "jquery": ">=1.8" } }, "sha512-4M+t5R4QRnq1CSRU9gswZ7Z4zRfcoWmgD31HRrLYCCI4J7tLWeE0ZoT+0JpI7GcT0YKTqcfw+p8t2yYEKFfrHA=="],

    "leaflet": ["leaflet@0.7.7", "", {}, "sha512-H1lR7J5VxhvQJQHlW2UywtxO63zilLrnwVsDvjKeyfntffj63Ml94gCk9YPYWBkiQgxisdiA8aJ30Zoou4VhEA=="],

    "lodash": ["lodash@4.18.1", "", {}, "sha512-dMInicTPVE8d1e5otfwmmjlxkZoUpiVLwyeTdUsi/Caj/gfzzblBcCE5sRHV/AsjuCmxWrte2TNGSYuCeCq+0Q=="],

    "requirejs": ["requirejs@2.3.8", "", { "bin": { "r.js": "bin/r.js", "r_js": "bin/r.js" } }, "sha512-7/cTSLOdYkNBNJcDMWf+luFvMriVm7eYxp4BcFCsAX0wF421Vyce5SXP17c+Jd5otXKGNehIonFlyQXSowL6Mw=="],

    "requirejs-text": ["requirejs-text@2.0.16", "", {}, "sha512-XrzjeTb1pwzIWmkz8qnUiM20gENgiwB+66IciNuziwlaPAJsYQsQPSYyQ1kD4tGKGZxTisIfDbOHk02DpI/76Q=="],

    "underscore": ["underscore@1.13.8", "", {}, "sha512-DXtD3ZtEQzc7M8m4cXotyHR+FAS18C64asBYY5vqZexfYryNNnDc02W4hKg3rdQuqOYas1jkseX0+nZXjTXnvQ=="],
  }
}
